
Microsoft Visual Studio Solution File, Format Version 12.00
# Visual Studio 15
VisualStudioVersion = 15.0.28307.421
MinimumVisualStudioVersion = 10.0.40219.1
Project("{FAE04EC0-301F-11D3-BF4B-00C04F79EFBC}") = "PMWebApi", "PMWebApi\PMWebApi.csproj", "{58BE663B-5EDD-4A23-8674-78A41CC16B16}"
EndProject
Project("{FAE04EC0-301F-11D3-BF4B-00C04F79EFBC}") = "PMMvc", "PMMvc\PMMvc.csproj", "{D630B34A-6F5F-4264-8BF0-908283F57B5D}"
EndProject
Global
	GlobalSection(SolutionConfigurationPlatforms) = preSolution
		Debug|Any CPU = Debug|Any CPU
		Release|Any CPU = Release|Any CPU
	EndGlobalSection
	GlobalSection(ProjectConfigurationPlatforms) = postSolution
		{58BE663B-5EDD-4A23-8674-78A41CC16B16}.Debug|Any CPU.ActiveCfg = Debug|Any CPU
		{58BE663B-5EDD-4A23-8674-78A41CC16B16}.Debug|Any CPU.Build.0 = Debug|Any CPU
		{58BE663B-5EDD-4A23-8674-78A41CC16B16}.Release|Any CPU.ActiveCfg = Release|Any CPU
		{58BE663B-5EDD-4A23-8674-78A41CC16B16}.Release|Any CPU.Build.0 = Release|Any CPU
		{D630B34A-6F5F-4264-8BF0-908283F57B5D}.Debug|Any CPU.ActiveCfg = Debug|Any CPU
		{D630B34A-6F5F-4264-8BF0-908283F57B5D}.Debug|Any CPU.Build.0 = Debug|Any CPU
		{D630B34A-6F5F-4264-8BF0-908283F57B5D}.Release|Any CPU.ActiveCfg = Release|Any CPU
		{D630B34A-6F5F-4264-8BF0-908283F57B5D}.Release|Any CPU.Build.0 = Release|Any CPU
	EndGlobalSection
	GlobalSection(SolutionProperties) = preSolution
		HideSolutionNode = FALSE
	EndGlobalSection
	GlobalSection(ExtensibilityGlobals) = postSolution
		SolutionGuid = {0779CFFF-72DF-4380-AA9A-D360E468B6D9}
	EndGlobalSection
EndGlobal
